
Microsoft Visual Studio Solution File, Format Version 12.00
# Visual Studio Version 17
VisualStudioVersion = 17.9.34728.123
MinimumVisualStudioVersion = 10.0.40219.1
Project("{FAE04EC0-301F-11D3-BF4B-00C04F79EFBC}") = "ELCONTENTO", "ELCONTENTO\ELCONTENTO.csproj", "{E57FF799-BEA5-4513-8056-76540339CB29}"
EndProject
Global
	GlobalSection(SolutionConfigurationPlatforms) = preSolution
		Debug|Any CPU = Debug|Any CPU
		Release|Any CPU = Release|Any CPU
	EndGlobalSection
	GlobalSection(ProjectConfigurationPlatforms) = postSolution
		{E57FF799-BEA5-4513-8056-76540339CB29}.Debug|Any CPU.ActiveCfg = Debug|Any CPU
		{E57FF799-BEA5-4513-8056-76540339CB29}.Debug|Any CPU.Build.0 = Debug|Any CPU
		{E57FF799-BEA5-4513-8056-76540339CB29}.Release|Any CPU.ActiveCfg = Release|Any CPU
		{E57FF799-BEA5-4513-8056-76540339CB29}.Release|Any CPU.Build.0 = Release|Any CPU
	EndGlobalSection
	GlobalSection(SolutionProperties) = preSolution
		HideSolutionNode = FALSE
	EndGlobalSection
	GlobalSection(ExtensibilityGlobals) = postSolution
		SolutionGuid = {11B147D4-5AC1-4F12-8DED-F68C427A783D}
	EndGlobalSection
EndGlobal
